
Microsoft Visual Studio Solution File, Format Version 12.00
# Visual Studio Version 17
VisualStudioVersion = 17.2.32519.379
MinimumVisualStudioVersion = 10.0.40219.1
Project("{9A19103F-16F7-4668-BE54-9A1E7A4F7556}") = "BrainGame.Auth", "BrainGame.Auth\BrainGame.Auth.csproj", "{BAAF95E8-CCF4-48DA-93EC-F9D2B573FC60}"
EndProject
Project("{9A19103F-16F7-4668-BE54-9A1E7A4F7556}") = "BrainGame.Logic", "BrainGame.Logic\BrainGame.Logic.csproj", "{56594077-9BB0-4637-883D-F610753F8FBB}"
EndProject
Project("{9A19103F-16F7-4668-BE54-9A1E7A4F7556}") = "BrainGame.Quiz", "BrainGame.Quiz\BrainGame.Quiz.csproj", "{E8CC987E-36DA-42D1-A305-41CB178A60DB}"
EndProject
Project("{9A19103F-16F7-4668-BE54-9A1E7A4F7556}") = "BrainGame.Db", "BrainGame.Db\BrainGame.Db.csproj", "{83046E52-9B66-40CC-B150-01B76FD6E561}"
EndProject
Project("{9A19103F-16F7-4668-BE54-9A1E7A4F7556}") = "BrainGame.Core", "BrainGame.Core\BrainGame.Core.csproj", "{C51FA5AA-443F-4104-BEE8-CAF719979699}"
EndProject
Project("{9A19103F-16F7-4668-BE54-9A1E7A4F7556}") = "BrainGame.WebDb", "BrainGame.WebDb\BrainGame.WebDb.csproj", "{59C09C64-62C7-4455-B6C1-8E652B17F66D}"
EndProject
Project("{9A19103F-16F7-4668-BE54-9A1E7A4F7556}") = "BrainGame.Users", "BrainGame.Users\BrainGame.Users.csproj", "{8C2FEA5D-9F1A-40E0-9661-E61E4B7D52EE}"
EndProject
Project("{FAE04EC0-301F-11D3-BF4B-00C04F79EFBC}") = "BrainGame.Tests", "BrainGame.Tests\BrainGame.Tests.csproj", "{BC745093-828B-40B7-8030-E287F097F73C}"
EndProject
Global
	GlobalSection(SolutionConfigurationPlatforms) = preSolution
		Debug|Any CPU = Debug|Any CPU
		Release|Any CPU = Release|Any CPU
	EndGlobalSection
	GlobalSection(ProjectConfigurationPlatforms) = postSolution
		{BAAF95E8-CCF4-48DA-93EC-F9D2B573FC60}.Debug|Any CPU.ActiveCfg = Debug|Any CPU
		{BAAF95E8-CCF4-48DA-93EC-F9D2B573FC60}.Debug|Any CPU.Build.0 = Debug|Any CPU
		{BAAF95E8-CCF4-48DA-93EC-F9D2B573FC60}.Release|Any CPU.ActiveCfg = Release|Any CPU
		{BAAF95E8-CCF4-48DA-93EC-F9D2B573FC60}.Release|Any CPU.Build.0 = Release|Any CPU
		{56594077-9BB0-4637-883D-F610753F8FBB}.Debug|Any CPU.ActiveCfg = Debug|Any CPU
		{56594077-9BB0-4637-883D-F610753F8FBB}.Debug|Any CPU.Build.0 = Debug|Any CPU
		{56594077-9BB0-4637-883D-F610753F8FBB}.Release|Any CPU.ActiveCfg = Release|Any CPU
		{56594077-9BB0-4637-883D-F610753F8FBB}.Release|Any CPU.Build.0 = Release|Any CPU
		{E8CC987E-36DA-42D1-A305-41CB178A60DB}.Debug|Any CPU.ActiveCfg = Debug|Any CPU
		{E8CC987E-36DA-42D1-A305-41CB178A60DB}.Debug|Any CPU.Build.0 = Debug|Any CPU
		{E8CC987E-36DA-42D1-A305-41CB178A60DB}.Release|Any CPU.ActiveCfg = Release|Any CPU
		{E8CC987E-36DA-42D1-A305-41CB178A60DB}.Release|Any CPU.Build.0 = Release|Any CPU
		{83046E52-9B66-40CC-B150-01B76FD6E561}.Debug|Any CPU.ActiveCfg = Debug|Any CPU
		{83046E52-9B66-40CC-B150-01B76FD6E561}.Debug|Any CPU.Build.0 = Debug|Any CPU
		{83046E52-9B66-40CC-B150-01B76FD6E561}.Release|Any CPU.ActiveCfg = Release|Any CPU
		{83046E52-9B66-40CC-B150-01B76FD6E561}.Release|Any CPU.Build.0 = Release|Any CPU
		{C51FA5AA-443F-4104-BEE8-CAF719979699}.Debug|Any CPU.ActiveCfg = Debug|Any CPU
		{C51FA5AA-443F-4104-BEE8-CAF719979699}.Debug|Any CPU.Build.0 = Debug|Any CPU
		{C51FA5AA-443F-4104-BEE8-CAF719979699}.Release|Any CPU.ActiveCfg = Release|Any CPU
		{C51FA5AA-443F-4104-BEE8-CAF719979699}.Release|Any CPU.Build.0 = Release|Any CPU
		{59C09C64-62C7-4455-B6C1-8E652B17F66D}.Debug|Any CPU.ActiveCfg = Debug|Any CPU
		{59C09C64-62C7-4455-B6C1-8E652B17F66D}.Debug|Any CPU.Build.0 = Debug|Any CPU
		{59C09C64-62C7-4455-B6C1-8E652B17F66D}.Release|Any CPU.ActiveCfg = Release|Any CPU
		{59C09C64-62C7-4455-B6C1-8E652B17F66D}.Release|Any CPU.Build.0 = Release|Any CPU
		{8C2FEA5D-9F1A-40E0-9661-E61E4B7D52EE}.Debug|Any CPU.ActiveCfg = Debug|Any CPU
		{8C2FEA5D-9F1A-40E0-9661-E61E4B7D52EE}.Debug|Any CPU.Build.0 = Debug|Any CPU
		{8C2FEA5D-9F1A-40E0-9661-E61E4B7D52EE}.Release|Any CPU.ActiveCfg = Release|Any CPU
		{8C2FEA5D-9F1A-40E0-9661-E61E4B7D52EE}.Release|Any CPU.Build.0 = Release|Any CPU
		{BC745093-828B-40B7-8030-E287F097F73C}.Debug|Any CPU.ActiveCfg = Debug|Any CPU
		{BC745093-828B-40B7-8030-E287F097F73C}.Debug|Any CPU.Build.0 = Debug|Any CPU
		{BC745093-828B-40B7-8030-E287F097F73C}.Release|Any CPU.ActiveCfg = Release|Any CPU
		{BC745093-828B-40B7-8030-E287F097F73C}.Release|Any CPU.Build.0 = Release|Any CPU
	EndGlobalSection
	GlobalSection(SolutionProperties) = preSolution
		HideSolutionNode = FALSE
	EndGlobalSection
	GlobalSection(ExtensibilityGlobals) = postSolution
		SolutionGuid = {84AD0A0C-ACEA-4BC0-B2B5-FC10DC922486}
	EndGlobalSection
EndGlobal
